
Microsoft Visual Studio Solution File, Format Version 12.00
# Visual Studio Version 16
VisualStudioVersion = 16.0.30611.23
MinimumVisualStudioVersion = 10.0.40219.1
Project("{FAE04EC0-301F-11D3-BF4B-00C04F79EFBC}") = "TestATNET_KON0355", "TestATNET_KON0355\TestATNET_KON0355.csproj", "{2215304B-CC2C-495F-AFEC-77FB6B19B96E}"
EndProject
Global
	GlobalSection(SolutionConfigurationPlatforms) = preSolution
		Debug|Any CPU = Debug|Any CPU
		Release|Any CPU = Release|Any CPU
	EndGlobalSection
	GlobalSection(ProjectConfigurationPlatforms) = postSolution
		{2215304B-CC2C-495F-AFEC-77FB6B19B96E}.Debug|Any CPU.ActiveCfg = Debug|Any CPU
		{2215304B-CC2C-495F-AFEC-77FB6B19B96E}.Debug|Any CPU.Build.0 = Debug|Any CPU
		{2215304B-CC2C-495F-AFEC-77FB6B19B96E}.Release|Any CPU.ActiveCfg = Release|Any CPU
		{2215304B-CC2C-495F-AFEC-77FB6B19B96E}.Release|Any CPU.Build.0 = Release|Any CPU
	EndGlobalSection
	GlobalSection(SolutionProperties) = preSolution
		HideSolutionNode = FALSE
	EndGlobalSection
	GlobalSection(ExtensibilityGlobals) = postSolution
		SolutionGuid = {B0BF4035-11AF-43E3-8A30-29C013836F38}
	EndGlobalSection
EndGlobal
